
Microsoft Visual Studio Solution File, Format Version 12.00
# Visual Studio Version 17
VisualStudioVersion = 17.7.34031.279
MinimumVisualStudioVersion = 10.0.40219.1
Project("{FAE04EC0-301F-11D3-BF4B-00C04F79EFBC}") = "WinFormsAppQLKHO", "WinFormsAppQLKHO\WinFormsAppQLKHO.csproj", "{FA415A51-D423-4E78-8B86-BDE87FB80DF3}"
EndProject
Global
	GlobalSection(SolutionConfigurationPlatforms) = preSolution
		Debug|Any CPU = Debug|Any CPU
		Release|Any CPU = Release|Any CPU
	EndGlobalSection
	GlobalSection(ProjectConfigurationPlatforms) = postSolution
		{FA415A51-D423-4E78-8B86-BDE87FB80DF3}.Debug|Any CPU.ActiveCfg = Debug|Any CPU
		{FA415A51-D423-4E78-8B86-BDE87FB80DF3}.Debug|Any CPU.Build.0 = Debug|Any CPU
		{FA415A51-D423-4E78-8B86-BDE87FB80DF3}.Release|Any CPU.ActiveCfg = Release|Any CPU
		{FA415A51-D423-4E78-8B86-BDE87FB80DF3}.Release|Any CPU.Build.0 = Release|Any CPU
	EndGlobalSection
	GlobalSection(SolutionProperties) = preSolution
		HideSolutionNode = FALSE
	EndGlobalSection
	GlobalSection(ExtensibilityGlobals) = postSolution
		SolutionGuid = {6C7EBA2B-DF13-457E-A9EC-EE68A123B4F4}
	EndGlobalSection
EndGlobal
